
Microsoft Visual Studio Solution File, Format Version 12.00
# Visual Studio Version 17
VisualStudioVersion = 17.13.35931.197 d17.13
MinimumVisualStudioVersion = 10.0.40219.1
Project("{FAE04EC0-301F-11D3-BF4B-00C04F79EFBC}") = "Calendar", "Calendar.csproj", "{84BEBFF7-2985-4C91-8346-6F39A81F535F}"
EndProject
Global
	GlobalSection(SolutionConfigurationPlatforms) = preSolution
		Debug|Any CPU = Debug|Any CPU
		Release|Any CPU = Release|Any CPU
	EndGlobalSection
	GlobalSection(ProjectConfigurationPlatforms) = postSolution
		{84BEBFF7-2985-4C91-8346-6F39A81F535F}.Debug|Any CPU.ActiveCfg = Debug|Any CPU
		{84BEBFF7-2985-4C91-8346-6F39A81F535F}.Debug|Any CPU.Build.0 = Debug|Any CPU
		{84BEBFF7-2985-4C91-8346-6F39A81F535F}.Release|Any CPU.ActiveCfg = Release|Any CPU
		{84BEBFF7-2985-4C91-8346-6F39A81F535F}.Release|Any CPU.Build.0 = Release|Any CPU
	EndGlobalSection
	GlobalSection(SolutionProperties) = preSolution
		HideSolutionNode = FALSE
	EndGlobalSection
	GlobalSection(ExtensibilityGlobals) = postSolution
		SolutionGuid = {8E195C06-DC3A-40A9-9240-9DEA81055D7E}
	EndGlobalSection
EndGlobal
